{
  "name": "override-vulnerable-pkgs",
  "version": "1.0.0",
  "lockfileVersion": 3,
  "requires": true,
  "packages": {
    "": {
      "name": "override-vulnerable-pkgs",
      "version": "1.0.0",
      "license": "MIT",
      "bin": {
        "override-vulnerable-pkgs": "index.js"
      }
    }
  }
}
